// !$*UTF8*$!
{
	archiveVersion = 1;
	classes = {
	};
	objectVersion = 46;
	objects = {

/* Begin PBXBuildFile section */
		76A46BA51C879F1C000CEB2F /* AppDelegate.swift in Sources */ = {isa = PBXBuildFile; fileRef = 76A46BA41C879F1C000CEB2F /* AppDelegate.swift */; };
		76A46BA71C879F1C000CEB2F /* ViewController.swift in Sources */ = {isa = PBXBuildFile; fileRef = 76A46BA61C879F1C000CEB2F /* ViewController.swift */; };
		76A46BAA1C879F1C000CEB2F /* Main.storyboard in Resources */ = {isa = PBXBuildFile; fileRef = 76A46BA81C879F1C000CEB2F /* Main.storyboard */; };
		76A46BAC1C879F1C000CEB2F /* Assets.xcassets in Resources */ = {isa = PBXBuildFile; fileRef = 76A46BAB1C879F1C000CEB2F /* Assets.xcassets */; };
		76A46BAF1C879F1C000CEB2F /* LaunchScreen.storyboard in Resources */ = {isa = PBXBuildFile; fileRef = 76A46BAD1C879F1C000CEB2F /* LaunchScreen.storyboard */; };
		76A46BBA1C879F1C000CEB2F /* InfiniteScrollUITests.swift in Sources */ = {isa = PBXBuildFile; fileRef = 76A46BB91C879F1C000CEB2F /* InfiniteScrollUITests.swift */; };
		76A46BC51C87A43C000CEB2F /* InfiniteScrollView.swift in Sources */ = {isa = PBXBuildFile; fileRef = 76A46BC41C87A43C000CEB2F /* InfiniteScrollView.swift */; };
/* End PBXBuildFile section */

/* Begin PBXContainerItemProxy section */
		76A46BB61C879F1C000CEB2F /* PBXContainerItemProxy */ = {
			isa = PBXContainerItemProxy;
			containerPortal = 76A46B991C879F1C000CEB2F /* Project object */;
			proxyType = 1;
			remoteGlobalIDString = 76A46BA01C879F1C000CEB2F;
			remoteInfo = InfiniteScroll;
		};
/* End PBXContainerItemProxy section */

/* Begin PBXFileReference section */
		76A46BA11C879F1C000CEB2F /* InfiniteScroll.app */ = {isa = PBXFileReference; explicitFileType = wrapper.application; includeInIndex = 0; path = InfiniteScroll.app; sourceTree = BUILT_PRODUCTS_DIR; };
		76A46BA41C879F1C000CEB2F /* AppDelegate.swift */ = {isa = PBXFileReference; lastKnownFileType = sourcecode.swift; path = AppDelegate.swift; sourceTree = "<group>"; };
		76A46BA61C879F1C000CEB2F /* ViewController.swift */ = {isa = PBXFileReference; lastKnownFileType = sourcecode.swift; path = ViewController.swift; sourceTree = "<group>"; };
		76A46BA91C879F1C000CEB2F /* Base */ = {isa = PBXFileReference; lastKnownFileType = file.storyboard; name = Base; path = Base.lproj/Main.storyboard; sourceTree = "<group>"; };
		76A46BAB1C879F1C000CEB2F /* Assets.xcassets */ = {isa = PBXFileReference; lastKnownFileType = folder.assetcatalog; path = Assets.xcassets; sourceTree = "<group>"; };
		76A46BAE1C879F1C000CEB2F /* Base */ = {isa = PBXFileReference; lastKnownFileType = file.storyboard; name = Base; path = Base.lproj/LaunchScreen.storyboard; sourceTree = "<group>"; };
		76A46BB01C879F1C000CEB2F /* Info.plist */ = {isa = PBXFileReference; lastKnownFileType = text.plist.xml; path = Info.plist; sourceTree = "<group>"; };
		76A46BB51C879F1C000CEB2F /* InfiniteScrollUITests.xctest */ = {isa = PBXFileReference; explicitFileType = wrapper.cfbundle; includeInIndex = 0; path = InfiniteScrollUITests.xctest; sourceTree = BUILT_PRODUCTS_DIR; };
		76A46BB91C879F1C000CEB2F /* InfiniteScrollUITests.swift */ = {isa = PBXFileReference; lastKnownFileType = sourcecode.swift; path = InfiniteScrollUITests.swift; sourceTree = "<group>"; };
		76A46BBB1C879F1C000CEB2F /* Info.plist */ = {isa = PBXFileReference; lastKnownFileType = text.plist.xml; path = Info.plist; sourceTree = "<group>"; };
		76A46BC41C87A43C000CEB2F /* InfiniteScrollView.swift */ = {isa = PBXFileReference; fileEncoding = 4; lastKnownFileType = sourcecode.swift; path = InfiniteScrollView.swift; sourceTree = "<group>"; };
/* End PBXFileReference section */

/* Begin PBXFrameworksBuildPhase section */
		76A46B9E1C879F1C000CEB2F /* Frameworks */ = {
			isa = PBXFrameworksBuildPhase;
			buildActionMask = 2147483647;
			files = (
			);
			runOnlyForDeploymentPostprocessing = 0;
		};
		76A46BB21C879F1C000CEB2F /* Frameworks */ = {
			isa = PBXFrameworksBuildPhase;
			buildActionMask = 2147483647;
			files = (
			);
			runOnlyForDeploymentPostprocessing = 0;
		};
/* End PBXFrameworksBuildPhase section */

/* Begin PBXGroup section */
		76A46B981C879F1C000CEB2F = {
			isa = PBXGroup;
			children = (
				76A46BA31C879F1C000CEB2F /* InfiniteScroll */,
				76A46BB81C879F1C000CEB2F /* InfiniteScrollUITests */,
				76A46BA21C879F1C000CEB2F /* Products */,
			);
			sourceTree = "<group>";
		};
		76A46BA21C879F1C000CEB2F /* Products */ = {
			isa = PBXGroup;
			children = (
				76A46BA11C879F1C000CEB2F /* InfiniteScroll.app */,
				76A46BB51C879F1C000CEB2F /* InfiniteScrollUITests.xctest */,
			);
			name = Products;
			sourceTree = "<group>";
		};
		76A46BA31C879F1C000CEB2F /* InfiniteScroll */ = {
			isa = PBXGroup;
			children = (
				76A46BC41C87A43C000CEB2F /* InfiniteScrollView.swift */,
				76A46BA41C879F1C000CEB2F /* AppDelegate.swift */,
				76A46BA61C879F1C000CEB2F /* ViewController.swift */,
				76A46BA81C879F1C000CEB2F /* Main.storyboard */,
				76A46BAB1C879F1C000CEB2F /* Assets.xcassets */,
				76A46BAD1C879F1C000CEB2F /* LaunchScreen.storyboard */,
				76A46BB01C879F1C000CEB2F /* Info.plist */,
			);
			path = InfiniteScroll;
			sourceTree = "<group>";
		};
		76A46BB81C879F1C000CEB2F /* InfiniteScrollUITests */ = {
			isa = PBXGroup;
			children = (
				76A46BB91C879F1C000CEB2F /* InfiniteScrollUITests.swift */,
				76A46BBB1C879F1C000CEB2F /* Info.plist */,
			);
			path = InfiniteScrollUITests;
			sourceTree = "<group>";
		};
/* End PBXGroup section */

/* Begin PBXNativeTarget section */
		76A46BA01C879F1C000CEB2F /* InfiniteScroll */ = {
			isa = PBXNativeTarget;
			buildConfigurationList = 76A46BBE1C879F1C000CEB2F /* Build configuration list for PBXNativeTarget "InfiniteScroll" */;
			buildPhases = (
				76A46B9D1C879F1C000CEB2F /* Sources */,
				76A46B9E1C879F1C000CEB2F /* Frameworks */,
				76A46B9F1C879F1C000CEB2F /* Resources */,
			);
			buildRules = (
			);
			dependencies = (
			);
			name = InfiniteScroll;
			productName = InfiniteScroll;
			productReference = 76A46BA11C879F1C000CEB2F /* InfiniteScroll.app */;
			productType = "com.apple.product-type.application";
		};
		76A46BB41C879F1C000CEB2F /* InfiniteScrollUITests */ = {
			isa = PBXNativeTarget;
			buildConfigurationList = 76A46BC11C879F1C000CEB2F /* Build configuration list for PBXNativeTarget "InfiniteScrollUITests" */;
			buildPhases = (
				76A46BB11C879F1C000CEB2F /* Sources */,
				76A46BB21C879F1C000CEB2F /* Frameworks */,
				76A46BB31C879F1C000CEB2F /* Resources */,
			);
			buildRules = (
			);
			dependencies = (
				76A46BB71C879F1C000CEB2F /* PBXTargetDependency */,
			);
			name = InfiniteScrollUITests;
			productName = InfiniteScrollUITests;
			productReference = 76A46BB51C879F1C000CEB2F /* InfiniteScrollUITests.xctest */;
			productType = "com.apple.product-type.bundle.ui-testing";
		};
/* End PBXNativeTarget section */

/* Begin PBXProject section */
		76A46B991C879F1C000CEB2F /* Project object */ = {
			isa = PBXProject;
			attributes = {
				LastSwiftUpdateCheck = 0720;
				LastUpgradeCheck = 0720;
				ORGANIZATIONNAME = InfiniteScroll;
				TargetAttributes = {
					76A46BA01C879F1C000CEB2F = {
						CreatedOnToolsVersion = 7.2.1;
					};
					76A46BB41C879F1C000CEB2F = {
						CreatedOnToolsVersion = 7.2.1;
						TestTargetID = 76A46BA01C879F1C000CEB2F;
					};
				};
			};
			buildConfigurationList = 76A46B9C1C879F1C000CEB2F /* Build configuration list for PBXProject "InfiniteScroll" */;
			compatibilityVersion = "Xcode 3.2";
			developmentRegion = English;
			hasScannedForEncodings = 0;
			knownRegions = (
				en,
				Base,
			);
			mainGroup = 76A46B981C879F1C000CEB2F;
			productRefGroup = 76A46BA21C879F1C000CEB2F /* Products */;
			projectDirPath = "";
			projectRoot = "";
			targets = (
				76A46BA01C879F1C000CEB2F /* InfiniteScroll */,
				76A46BB41C879F1C000CEB2F /* InfiniteScrollUITests */,
			);
		};
/* End PBXProject section */

/* Begin PBXResourcesBuildPhase section */
		76A46B9F1C879F1C000CEB2F /* Resources */ = {
			isa = PBXResourcesBuildPhase;
			buildActionMask = 2147483647;
			files = (
				76A46BAF1C879F1C000CEB2F /* LaunchScreen.storyboard in Resources */,
				76A46BAC1C879F1C000CEB2F /* Assets.xcassets in Resources */,
				76A46BAA1C879F1C000CEB2F /* Main.storyboard in Resources */,
			);
			runOnlyForDeploymentPostprocessing = 0;
		};
		76A46BB31C879F1C000CEB2F /* Resources */ = {
			isa = PBXResourcesBuildPhase;
			buildActionMask = 2147483647;
			files = (
			);
			runOnlyForDeploymentPostprocessing = 0;
		};
/* End PBXResourcesBuildPhase section */

/* Begin PBXSourcesBuildPhase section */
		76A46B9D1C879F1C000CEB2F /* Sources */ = {
			isa = PBXSourcesBuildPhase;
			buildActionMask = 2147483647;
			files = (
				76A46BC51C87A43C000CEB2F /* InfiniteScrollView.swift in Sources */,
				76A46BA71C879F1C000CEB2F /* ViewController.swift in Sources */,
				76A46BA51C879F1C000CEB2F /* AppDelegate.swift in Sources */,
			);
			runOnlyForDeploymentPostprocessing = 0;
		};
		76A46BB11C879F1C000CEB2F /* Sources */ = {
			isa = PBXSourcesBuildPhase;
			buildActionMask = 2147483647;
			files = (
				76A46BBA1C879F1C000CEB2F /* InfiniteScrollUITests.swift in Sources */,
			);
			runOnlyForDeploymentPostprocessing = 0;
		};
/* End PBXSourcesBuildPhase section */

/* Begin PBXTargetDependency section */
		76A46BB71C879F1C000CEB2F /* PBXTargetDependency */ = {
			isa = PBXTargetDependency;
			target = 76A46BA01C879F1C000CEB2F /* InfiniteScroll */;
			targetProxy = 76A46BB61C879F1C000CEB2F /* PBXContainerItemProxy */;
		};
/* End PBXTargetDependency section */

/* Begin PBXVariantGroup section */
		76A46BA81C879F1C000CEB2F /* Main.storyboard */ = {
			isa = PBXVariantGroup;
			children = (
				76A46BA91C879F1C000CEB2F /* Base */,
			);
			name = Main.storyboard;
			sourceTree = "<group>";
		};
		76A46BAD1C879F1C000CEB2F /* LaunchScreen.storyboard */ = {
			isa = PBXVariantGroup;
			children = (
				76A46BAE1C879F1C000CEB2F /* Base */,
			);
			name = LaunchScreen.storyboard;
			sourceTree = "<group>";
		};
/* End PBXVariantGroup section */

/* Begin XCBuildConfiguration section */
		76A46BBC1C879F1C000CEB2F /* Debug */ = {
			isa = XCBuildConfiguration;
			buildSettings = {
				ALWAYS_SEARCH_USER_PATHS = NO;
				CLANG_CXX_LANGUAGE_STANDARD = "gnu++0x";
				CLANG_CXX_LIBRARY = "libc++";
				CLANG_ENABLE_MODULES = YES;
				CLANG_ENABLE_OBJC_ARC = YES;
				CLANG_WARN_BOOL_CONVERSION = YES;
				CLANG_WARN_CONSTANT_CONVERSION = YES;
				CLANG_WARN_DIRECT_OBJC_ISA_USAGE = YES_ERROR;
				CLANG_WARN_EMPTY_BODY = YES;
				CLANG_WARN_ENUM_CONVERSION = YES;
				CLANG_WARN_INT_CONVERSION = YES;
				CLANG_WARN_OBJC_ROOT_CLASS = YES_ERROR;
				CLANG_WARN_UNREACHABLE_CODE = YES;
				CLANG_WARN__DUPLICATE_METHOD_MATCH = YES;
				"CODE_SIGN_IDENTITY[sdk=iphoneos*]" = "iPhone Developer";
				COPY_PHASE_STRIP = NO;
				DEBUG_INFORMATION_FORMAT = dwarf;
				ENABLE_STRICT_OBJC_MSGSEND = YES;
				ENABLE_TESTABILITY = YES;
				GCC_C_LANGUAGE_STANDARD = gnu99;
				GCC_DYNAMIC_NO_PIC = NO;
				GCC_NO_COMMON_BLOCKS = YES;
				GCC_OPTIMIZATION_LEVEL = 0;
				GCC_PREPROCESSOR_DEFINITIONS = (
					"DEBUG=1",
					"$(inherited)",
				);
				GCC_WARN_64_TO_32_BIT_CONVERSION = YES;
				GCC_WARN_ABOUT_RETURN_TYPE = YES_ERROR;
				GCC_WARN_UNDECLARED_SELECTOR = YES;
				GCC_WARN_UNINITIALIZED_AUTOS = YES_AGGRESSIVE;
				GCC_WARN_UNUSED_FUNCTION = YES;
				GCC_WARN_UNUSED_VARIABLE = YES;
				IPHONEOS_DEPLOYMENT_TARGET = 9.2;
				MTL_ENABLE_DEBUG_INFO = YES;
				ONLY_ACTIVE_ARCH = YES;
				SDKROOT = iphoneos;
				SWIFT_OPTIMIZATION_LEVEL = "-Onone";
			};
			name = Debug;
		};
		76A46BBD1C879F1C000CEB2F /* Release */ = {
			isa = XCBuildConfiguration;
			buildSettings = {
				ALWAYS_SEARCH_USER_PATHS = NO;
				CLANG_CXX_LANGUAGE_STANDARD = "gnu++0x";
				CLANG_CXX_LIBRARY = "libc++";
				CLANG_ENABLE_MODULES = YES;
				CLANG_ENABLE_OBJC_ARC = YES;
				CLANG_WARN_BOOL_CONVERSION = YES;
				CLANG_WARN_CONSTANT_CONVERSION = YES;
				CLANG_WARN_DIRECT_OBJC_ISA_USAGE = YES_ERROR;
				CLANG_WARN_EMPTY_BODY = YES;
				CLANG_WARN_ENUM_CONVERSION = YES;
				CLANG_WARN_INT_CONVERSION = YES;
				CLANG_WARN_OBJC_ROOT_CLASS = YES_ERROR;
				CLANG_WARN_UNREACHABLE_CODE = YES;
				CLANG_WARN__DUPLICATE_METHOD_MATCH = YES;
				"CODE_SIGN_IDENTITY[sdk=iphoneos*]" = "iPhone Developer";
				COPY_PHASE_STRIP = NO;
				DEBUG_INFORMATION_FORMAT = "dwarf-with-dsym";
				ENABLE_NS_ASSERTIONS = NO;
				ENABLE_STRICT_OBJC_MSGSEND = YES;
				GCC_C_LANGUAGE_STANDARD = gnu99;
				GCC_NO_COMMON_BLOCKS = YES;
				GCC_WARN_64_TO_32_BIT_CONVERSION = YES;
				GCC_WARN_ABOUT_RETURN_TYPE = YES_ERROR;
				GCC_WARN_UNDECLARED_SELECTOR = YES;
				GCC_WARN_UNINITIALIZED_AUTOS = YES_AGGRESSIVE;
				GCC_WARN_UNUSED_FUNCTION = YES;
				GCC_WARN_UNUSED_VARIABLE = YES;
				IPHONEOS_DEPLOYMENT_TARGET = 9.2;
				MTL_ENABLE_DEBUG_INFO = NO;
				SDKROOT = iphoneos;
				VALIDATE_PRODUCT = YES;
			};
			name = Release;
		};
		76A46BBF1C879F1C000CEB2F /* Debug */ = {
			isa = XCBuildConfiguration;
			buildSettings = {
				ASSETCATALOG_COMPILER_APPICON_NAME = AppIcon;
				INFOPLIST_FILE = InfiniteScroll/Info.plist;
				LD_RUNPATH_SEARCH_PATHS = "$(inherited) @executable_path/Frameworks";
				PRODUCT_BUNDLE_IDENTIFIER = pe.elcomercio.sample.InfiniteScroll;
				PRODUCT_NAME = "$(TARGET_NAME)";
			};
			name = Debug;
		};
		76A46BC01C879F1C000CEB2F /* Release */ = {
			isa = XCBuildConfiguration;
			buildSettings = {
				ASSETCATALOG_COMPILER_APPICON_NAME = AppIcon;
				INFOPLIST_FILE = InfiniteScroll/Info.plist;
				LD_RUNPATH_SEARCH_PATHS = "$(inherited) @executable_path/Frameworks";
				PRODUCT_BUNDLE_IDENTIFIER = pe.elcomercio.sample.InfiniteScroll;
				PRODUCT_NAME = "$(TARGET_NAME)";
			};
			name = Release;
		};
		76A46BC21C879F1C000CEB2F /* Debug */ = {
			isa = XCBuildConfiguration;
			buildSettings = {
				INFOPLIST_FILE = InfiniteScrollUITests/Info.plist;
				LD_RUNPATH_SEARCH_PATHS = "$(inherited) @executable_path/Frameworks @loader_path/Frameworks";
				PRODUCT_BUNDLE_IDENTIFIER = pe.elcomercio.sample.InfiniteScrollUITests;
				PRODUCT_NAME = "$(TARGET_NAME)";
				TEST_TARGET_NAME = InfiniteScroll;
				USES_XCTRUNNER = YES;
			};
			name = Debug;
		};
		76A46BC31C879F1C000CEB2F /* Release */ = {
			isa = XCBuildConfiguration;
			buildSettings = {
				INFOPLIST_FILE = InfiniteScrollUITests/Info.plist;
				LD_RUNPATH_SEARCH_PATHS = "$(inherited) @executable_path/Frameworks @loader_path/Frameworks";
				PRODUCT_BUNDLE_IDENTIFIER = pe.elcomercio.sample.InfiniteScrollUITests;
				PRODUCT_NAME = "$(TARGET_NAME)";
				TEST_TARGET_NAME = InfiniteScroll;
				USES_XCTRUNNER = YES;
			};
			name = Release;
		};
/* End XCBuildConfiguration section */

/* Begin XCConfigurationList section */
		76A46B9C1C879F1C000CEB2F /* Build configuration list for PBXProject "InfiniteScroll" */ = {
			isa = XCConfigurationList;
			buildConfigurations = (
				76A46BBC1C879F1C000CEB2F /* Debug */,
				76A46BBD1C879F1C000CEB2F /* Release */,
			);
			defaultConfigurationIsVisible = 0;
			defaultConfigurationName = Release;
		};
		76A46BBE1C879F1C000CEB2F /* Build configuration list for PBXNativeTarget "InfiniteScroll" */ = {
			isa = XCConfigurationList;
			buildConfigurations = (
				76A46BBF1C879F1C000CEB2F /* Debug */,
				76A46BC01C879F1C000CEB2F /* Release */,
			);
			defaultConfigurationIsVisible = 0;
			defaultConfigurationName = Release;
		};
		76A46BC11C879F1C000CEB2F /* Build configuration list for PBXNativeTarget "InfiniteScrollUITests" */ = {
			isa = XCConfigurationList;
			buildConfigurations = (
				76A46BC21C879F1C000CEB2F /* Debug */,
				76A46BC31C879F1C000CEB2F /* Release */,
			);
			defaultConfigurationIsVisible = 0;
			defaultConfigurationName = Release;
		};
/* End XCConfigurationList section */
	};
	rootObject = 76A46B991C879F1C000CEB2F /* Project object */;
}
