// !$*UTF8*$!
{
	archiveVersion = 1;
	classes = {
	};
	objectVersion = 46;
	objects = {

/* Begin PBXBuildFile section */
		F92447571C80C63E0087BC48 /* ProjectView.m in Sources */ = {isa = PBXBuildFile; fileRef = F92447561C80C63E0087BC48 /* ProjectView.m */; };
		F924475A1C80DBE10087BC48 /* AnnouncementView.m in Sources */ = {isa = PBXBuildFile; fileRef = F92447591C80DBE10087BC48 /* AnnouncementView.m */; };
		F92A9E811C7CF16B00AFB9FB /* PropertyView.xib in Resources */ = {isa = PBXBuildFile; fileRef = F92A9E801C7CF16B00AFB9FB /* PropertyView.xib */; };
		F98101691C7B6F9E0012A776 /* main.m in Sources */ = {isa = PBXBuildFile; fileRef = F98101681C7B6F9E0012A776 /* main.m */; };
		F981016C1C7B6F9E0012A776 /* AppDelegate.m in Sources */ = {isa = PBXBuildFile; fileRef = F981016B1C7B6F9E0012A776 /* AppDelegate.m */; };
		F981016F1C7B6F9E0012A776 /* ViewController.m in Sources */ = {isa = PBXBuildFile; fileRef = F981016E1C7B6F9E0012A776 /* ViewController.m */; };
		F98101721C7B6F9E0012A776 /* Main.storyboard in Resources */ = {isa = PBXBuildFile; fileRef = F98101701C7B6F9E0012A776 /* Main.storyboard */; };
		F98101741C7B6F9E0012A776 /* Assets.xcassets in Resources */ = {isa = PBXBuildFile; fileRef = F98101731C7B6F9E0012A776 /* Assets.xcassets */; };
		F98101771C7B6F9E0012A776 /* LaunchScreen.storyboard in Resources */ = {isa = PBXBuildFile; fileRef = F98101751C7B6F9E0012A776 /* LaunchScreen.storyboard */; };
		F98101811C7B707A0012A776 /* InfiniteScrollView.m in Sources */ = {isa = PBXBuildFile; fileRef = F98101801C7B707A0012A776 /* InfiniteScrollView.m */; };
		F98101841C7B9CFA0012A776 /* PropertyView.m in Sources */ = {isa = PBXBuildFile; fileRef = F98101831C7B9CFA0012A776 /* PropertyView.m */; };
/* End PBXBuildFile section */

/* Begin PBXFileReference section */
		F92447551C80C63E0087BC48 /* ProjectView.h */ = {isa = PBXFileReference; fileEncoding = 4; lastKnownFileType = sourcecode.c.h; path = ProjectView.h; sourceTree = "<group>"; };
		F92447561C80C63E0087BC48 /* ProjectView.m */ = {isa = PBXFileReference; fileEncoding = 4; lastKnownFileType = sourcecode.c.objc; path = ProjectView.m; sourceTree = "<group>"; };
		F92447581C80DBE10087BC48 /* AnnouncementView.h */ = {isa = PBXFileReference; fileEncoding = 4; lastKnownFileType = sourcecode.c.h; path = AnnouncementView.h; sourceTree = "<group>"; };
		F92447591C80DBE10087BC48 /* AnnouncementView.m */ = {isa = PBXFileReference; fileEncoding = 4; lastKnownFileType = sourcecode.c.objc; path = AnnouncementView.m; sourceTree = "<group>"; };
		F92A9E801C7CF16B00AFB9FB /* PropertyView.xib */ = {isa = PBXFileReference; fileEncoding = 4; lastKnownFileType = file.xib; path = PropertyView.xib; sourceTree = "<group>"; };
		F98101641C7B6F9E0012A776 /* InfiniteScroll.app */ = {isa = PBXFileReference; explicitFileType = wrapper.application; includeInIndex = 0; path = InfiniteScroll.app; sourceTree = BUILT_PRODUCTS_DIR; };
		F98101681C7B6F9E0012A776 /* main.m */ = {isa = PBXFileReference; lastKnownFileType = sourcecode.c.objc; path = main.m; sourceTree = "<group>"; };
		F981016A1C7B6F9E0012A776 /* AppDelegate.h */ = {isa = PBXFileReference; lastKnownFileType = sourcecode.c.h; path = AppDelegate.h; sourceTree = "<group>"; };
		F981016B1C7B6F9E0012A776 /* AppDelegate.m */ = {isa = PBXFileReference; lastKnownFileType = sourcecode.c.objc; path = AppDelegate.m; sourceTree = "<group>"; };
		F981016D1C7B6F9E0012A776 /* ViewController.h */ = {isa = PBXFileReference; lastKnownFileType = sourcecode.c.h; path = ViewController.h; sourceTree = "<group>"; };
		F981016E1C7B6F9E0012A776 /* ViewController.m */ = {isa = PBXFileReference; lastKnownFileType = sourcecode.c.objc; path = ViewController.m; sourceTree = "<group>"; };
		F98101711C7B6F9E0012A776 /* Base */ = {isa = PBXFileReference; lastKnownFileType = file.storyboard; name = Base; path = Base.lproj/Main.storyboard; sourceTree = "<group>"; };
		F98101731C7B6F9E0012A776 /* Assets.xcassets */ = {isa = PBXFileReference; lastKnownFileType = folder.assetcatalog; path = Assets.xcassets; sourceTree = "<group>"; };
		F98101761C7B6F9E0012A776 /* Base */ = {isa = PBXFileReference; lastKnownFileType = file.storyboard; name = Base; path = Base.lproj/LaunchScreen.storyboard; sourceTree = "<group>"; };
		F98101781C7B6F9E0012A776 /* Info.plist */ = {isa = PBXFileReference; lastKnownFileType = text.plist.xml; path = Info.plist; sourceTree = "<group>"; };
		F981017F1C7B707A0012A776 /* InfiniteScrollView.h */ = {isa = PBXFileReference; fileEncoding = 4; lastKnownFileType = sourcecode.c.h; path = InfiniteScrollView.h; sourceTree = "<group>"; };
		F98101801C7B707A0012A776 /* InfiniteScrollView.m */ = {isa = PBXFileReference; fileEncoding = 4; lastKnownFileType = sourcecode.c.objc; path = InfiniteScrollView.m; sourceTree = "<group>"; };
		F98101821C7B9CFA0012A776 /* PropertyView.h */ = {isa = PBXFileReference; fileEncoding = 4; lastKnownFileType = sourcecode.c.h; path = PropertyView.h; sourceTree = "<group>"; };
		F98101831C7B9CFA0012A776 /* PropertyView.m */ = {isa = PBXFileReference; fileEncoding = 4; lastKnownFileType = sourcecode.c.objc; path = PropertyView.m; sourceTree = "<group>"; };
/* End PBXFileReference section */

/* Begin PBXFrameworksBuildPhase section */
		F98101611C7B6F9E0012A776 /* Frameworks */ = {
			isa = PBXFrameworksBuildPhase;
			buildActionMask = 2147483647;
			files = (
			);
			runOnlyForDeploymentPostprocessing = 0;
		};
/* End PBXFrameworksBuildPhase section */

/* Begin PBXGroup section */
		F981015B1C7B6F9E0012A776 = {
			isa = PBXGroup;
			children = (
				F98101661C7B6F9E0012A776 /* InfiniteScroll */,
				F98101651C7B6F9E0012A776 /* Products */,
			);
			sourceTree = "<group>";
		};
		F98101651C7B6F9E0012A776 /* Products */ = {
			isa = PBXGroup;
			children = (
				F98101641C7B6F9E0012A776 /* InfiniteScroll.app */,
			);
			name = Products;
			sourceTree = "<group>";
		};
		F98101661C7B6F9E0012A776 /* InfiniteScroll */ = {
			isa = PBXGroup;
			children = (
				F981017E1C7B70550012A776 /* InfiniteScrollView */,
				F981016A1C7B6F9E0012A776 /* AppDelegate.h */,
				F981016B1C7B6F9E0012A776 /* AppDelegate.m */,
				F981016D1C7B6F9E0012A776 /* ViewController.h */,
				F981016E1C7B6F9E0012A776 /* ViewController.m */,
				F98101701C7B6F9E0012A776 /* Main.storyboard */,
				F98101731C7B6F9E0012A776 /* Assets.xcassets */,
				F98101751C7B6F9E0012A776 /* LaunchScreen.storyboard */,
				F98101781C7B6F9E0012A776 /* Info.plist */,
				F98101671C7B6F9E0012A776 /* Supporting Files */,
			);
			path = InfiniteScroll;
			sourceTree = "<group>";
		};
		F98101671C7B6F9E0012A776 /* Supporting Files */ = {
			isa = PBXGroup;
			children = (
				F98101681C7B6F9E0012A776 /* main.m */,
			);
			name = "Supporting Files";
			sourceTree = "<group>";
		};
		F981017E1C7B70550012A776 /* InfiniteScrollView */ = {
			isa = PBXGroup;
			children = (
				F981017F1C7B707A0012A776 /* InfiniteScrollView.h */,
				F98101801C7B707A0012A776 /* InfiniteScrollView.m */,
				F98101821C7B9CFA0012A776 /* PropertyView.h */,
				F98101831C7B9CFA0012A776 /* PropertyView.m */,
				F92A9E801C7CF16B00AFB9FB /* PropertyView.xib */,
				F92447551C80C63E0087BC48 /* ProjectView.h */,
				F92447561C80C63E0087BC48 /* ProjectView.m */,
				F92447581C80DBE10087BC48 /* AnnouncementView.h */,
				F92447591C80DBE10087BC48 /* AnnouncementView.m */,
			);
			name = InfiniteScrollView;
			sourceTree = "<group>";
		};
/* End PBXGroup section */

/* Begin PBXNativeTarget section */
		F98101631C7B6F9E0012A776 /* InfiniteScroll */ = {
			isa = PBXNativeTarget;
			buildConfigurationList = F981017B1C7B6F9E0012A776 /* Build configuration list for PBXNativeTarget "InfiniteScroll" */;
			buildPhases = (
				F98101601C7B6F9E0012A776 /* Sources */,
				F98101611C7B6F9E0012A776 /* Frameworks */,
				F98101621C7B6F9E0012A776 /* Resources */,
			);
			buildRules = (
			);
			dependencies = (
			);
			name = InfiniteScroll;
			productName = InfiniteScroll;
			productReference = F98101641C7B6F9E0012A776 /* InfiniteScroll.app */;
			productType = "com.apple.product-type.application";
		};
/* End PBXNativeTarget section */

/* Begin PBXProject section */
		F981015C1C7B6F9E0012A776 /* Project object */ = {
			isa = PBXProject;
			attributes = {
				LastUpgradeCheck = 0720;
				ORGANIZATIONNAME = Orbis;
				TargetAttributes = {
					F98101631C7B6F9E0012A776 = {
						CreatedOnToolsVersion = 7.2;
					};
				};
			};
			buildConfigurationList = F981015F1C7B6F9E0012A776 /* Build configuration list for PBXProject "InfiniteScroll" */;
			compatibilityVersion = "Xcode 3.2";
			developmentRegion = English;
			hasScannedForEncodings = 0;
			knownRegions = (
				en,
				Base,
			);
			mainGroup = F981015B1C7B6F9E0012A776;
			productRefGroup = F98101651C7B6F9E0012A776 /* Products */;
			projectDirPath = "";
			projectRoot = "";
			targets = (
				F98101631C7B6F9E0012A776 /* InfiniteScroll */,
			);
		};
/* End PBXProject section */

/* Begin PBXResourcesBuildPhase section */
		F98101621C7B6F9E0012A776 /* Resources */ = {
			isa = PBXResourcesBuildPhase;
			buildActionMask = 2147483647;
			files = (
				F98101771C7B6F9E0012A776 /* LaunchScreen.storyboard in Resources */,
				F92A9E811C7CF16B00AFB9FB /* PropertyView.xib in Resources */,
				F98101741C7B6F9E0012A776 /* Assets.xcassets in Resources */,
				F98101721C7B6F9E0012A776 /* Main.storyboard in Resources */,
			);
			runOnlyForDeploymentPostprocessing = 0;
		};
/* End PBXResourcesBuildPhase section */

/* Begin PBXSourcesBuildPhase section */
		F98101601C7B6F9E0012A776 /* Sources */ = {
			isa = PBXSourcesBuildPhase;
			buildActionMask = 2147483647;
			files = (
				F98101841C7B9CFA0012A776 /* PropertyView.m in Sources */,
				F981016F1C7B6F9E0012A776 /* ViewController.m in Sources */,
				F924475A1C80DBE10087BC48 /* AnnouncementView.m in Sources */,
				F92447571C80C63E0087BC48 /* ProjectView.m in Sources */,
				F981016C1C7B6F9E0012A776 /* AppDelegate.m in Sources */,
				F98101691C7B6F9E0012A776 /* main.m in Sources */,
				F98101811C7B707A0012A776 /* InfiniteScrollView.m in Sources */,
			);
			runOnlyForDeploymentPostprocessing = 0;
		};
/* End PBXSourcesBuildPhase section */

/* Begin PBXVariantGroup section */
		F98101701C7B6F9E0012A776 /* Main.storyboard */ = {
			isa = PBXVariantGroup;
			children = (
				F98101711C7B6F9E0012A776 /* Base */,
			);
			name = Main.storyboard;
			sourceTree = "<group>";
		};
		F98101751C7B6F9E0012A776 /* LaunchScreen.storyboard */ = {
			isa = PBXVariantGroup;
			children = (
				F98101761C7B6F9E0012A776 /* Base */,
			);
			name = LaunchScreen.storyboard;
			sourceTree = "<group>";
		};
/* End PBXVariantGroup section */

/* Begin XCBuildConfiguration section */
		F98101791C7B6F9E0012A776 /* Debug */ = {
			isa = XCBuildConfiguration;
			buildSettings = {
				ALWAYS_SEARCH_USER_PATHS = NO;
				CLANG_CXX_LANGUAGE_STANDARD = "gnu++0x";
				CLANG_CXX_LIBRARY = "libc++";
				CLANG_ENABLE_MODULES = YES;
				CLANG_ENABLE_OBJC_ARC = YES;
				CLANG_WARN_BOOL_CONVERSION = YES;
				CLANG_WARN_CONSTANT_CONVERSION = YES;
				CLANG_WARN_DIRECT_OBJC_ISA_USAGE = YES_ERROR;
				CLANG_WARN_EMPTY_BODY = YES;
				CLANG_WARN_ENUM_CONVERSION = YES;
				CLANG_WARN_INT_CONVERSION = YES;
				CLANG_WARN_OBJC_ROOT_CLASS = YES_ERROR;
				CLANG_WARN_UNREACHABLE_CODE = YES;
				CLANG_WARN__DUPLICATE_METHOD_MATCH = YES;
				"CODE_SIGN_IDENTITY[sdk=iphoneos*]" = "iPhone Developer";
				COPY_PHASE_STRIP = NO;
				DEBUG_INFORMATION_FORMAT = dwarf;
				ENABLE_STRICT_OBJC_MSGSEND = YES;
				ENABLE_TESTABILITY = YES;
				GCC_C_LANGUAGE_STANDARD = gnu99;
				GCC_DYNAMIC_NO_PIC = NO;
				GCC_NO_COMMON_BLOCKS = YES;
				GCC_OPTIMIZATION_LEVEL = 0;
				GCC_PREPROCESSOR_DEFINITIONS = (
					"DEBUG=1",
					"$(inherited)",
				);
				GCC_WARN_64_TO_32_BIT_CONVERSION = YES;
				GCC_WARN_ABOUT_RETURN_TYPE = YES_ERROR;
				GCC_WARN_UNDECLARED_SELECTOR = YES;
				GCC_WARN_UNINITIALIZED_AUTOS = YES_AGGRESSIVE;
				GCC_WARN_UNUSED_FUNCTION = YES;
				GCC_WARN_UNUSED_VARIABLE = YES;
				IPHONEOS_DEPLOYMENT_TARGET = 9.2;
				MTL_ENABLE_DEBUG_INFO = YES;
				ONLY_ACTIVE_ARCH = YES;
				SDKROOT = iphoneos;
				TARGETED_DEVICE_FAMILY = "1,2";
			};
			name = Debug;
		};
		F981017A1C7B6F9E0012A776 /* Release */ = {
			isa = XCBuildConfiguration;
			buildSettings = {
				ALWAYS_SEARCH_USER_PATHS = NO;
				CLANG_CXX_LANGUAGE_STANDARD = "gnu++0x";
				CLANG_CXX_LIBRARY = "libc++";
				CLANG_ENABLE_MODULES = YES;
				CLANG_ENABLE_OBJC_ARC = YES;
				CLANG_WARN_BOOL_CONVERSION = YES;
				CLANG_WARN_CONSTANT_CONVERSION = YES;
				CLANG_WARN_DIRECT_OBJC_ISA_USAGE = YES_ERROR;
				CLANG_WARN_EMPTY_BODY = YES;
				CLANG_WARN_ENUM_CONVERSION = YES;
				CLANG_WARN_INT_CONVERSION = YES;
				CLANG_WARN_OBJC_ROOT_CLASS = YES_ERROR;
				CLANG_WARN_UNREACHABLE_CODE = YES;
				CLANG_WARN__DUPLICATE_METHOD_MATCH = YES;
				"CODE_SIGN_IDENTITY[sdk=iphoneos*]" = "iPhone Developer";
				COPY_PHASE_STRIP = NO;
				DEBUG_INFORMATION_FORMAT = "dwarf-with-dsym";
				ENABLE_NS_ASSERTIONS = NO;
				ENABLE_STRICT_OBJC_MSGSEND = YES;
				GCC_C_LANGUAGE_STANDARD = gnu99;
				GCC_NO_COMMON_BLOCKS = YES;
				GCC_WARN_64_TO_32_BIT_CONVERSION = YES;
				GCC_WARN_ABOUT_RETURN_TYPE = YES_ERROR;
				GCC_WARN_UNDECLARED_SELECTOR = YES;
				GCC_WARN_UNINITIALIZED_AUTOS = YES_AGGRESSIVE;
				GCC_WARN_UNUSED_FUNCTION = YES;
				GCC_WARN_UNUSED_VARIABLE = YES;
				IPHONEOS_DEPLOYMENT_TARGET = 9.2;
				MTL_ENABLE_DEBUG_INFO = NO;
				SDKROOT = iphoneos;
				TARGETED_DEVICE_FAMILY = "1,2";
				VALIDATE_PRODUCT = YES;
			};
			name = Release;
		};
		F981017C1C7B6F9E0012A776 /* Debug */ = {
			isa = XCBuildConfiguration;
			buildSettings = {
				ASSETCATALOG_COMPILER_APPICON_NAME = AppIcon;
				INFOPLIST_FILE = InfiniteScroll/Info.plist;
				LD_RUNPATH_SEARCH_PATHS = "$(inherited) @executable_path/Frameworks";
				PRODUCT_BUNDLE_IDENTIFIER = pe.elcomercio.sample.InfiniteScroll;
				PRODUCT_NAME = "$(TARGET_NAME)";
			};
			name = Debug;
		};
		F981017D1C7B6F9E0012A776 /* Release */ = {
			isa = XCBuildConfiguration;
			buildSettings = {
				ASSETCATALOG_COMPILER_APPICON_NAME = AppIcon;
				INFOPLIST_FILE = InfiniteScroll/Info.plist;
				LD_RUNPATH_SEARCH_PATHS = "$(inherited) @executable_path/Frameworks";
				PRODUCT_BUNDLE_IDENTIFIER = pe.elcomercio.sample.InfiniteScroll;
				PRODUCT_NAME = "$(TARGET_NAME)";
			};
			name = Release;
		};
/* End XCBuildConfiguration section */

/* Begin XCConfigurationList section */
		F981015F1C7B6F9E0012A776 /* Build configuration list for PBXProject "InfiniteScroll" */ = {
			isa = XCConfigurationList;
			buildConfigurations = (
				F98101791C7B6F9E0012A776 /* Debug */,
				F981017A1C7B6F9E0012A776 /* Release */,
			);
			defaultConfigurationIsVisible = 0;
			defaultConfigurationName = Release;
		};
		F981017B1C7B6F9E0012A776 /* Build configuration list for PBXNativeTarget "InfiniteScroll" */ = {
			isa = XCConfigurationList;
			buildConfigurations = (
				F981017C1C7B6F9E0012A776 /* Debug */,
				F981017D1C7B6F9E0012A776 /* Release */,
			);
			defaultConfigurationIsVisible = 0;
			defaultConfigurationName = Release;
		};
/* End XCConfigurationList section */
	};
	rootObject = F981015C1C7B6F9E0012A776 /* Project object */;
}
